# generated by rye
# use `rye lock` or `rye sync` to update this lockfile
#
# last locked with the following flags:
#   pre: false
#   features: []
#   all-features: false
#   with-sources: false
#   generate-hashes: false
#   universal: false

-e file:.
animalai==4.1.0
    # via reference-agents
cloudpickle==3.0.0
    # via gym
    # via mlagents-envs
filelock==3.15.4
    # via mlagents-envs
grpcio==1.64.1
    # via mlagents-envs
gym==0.26.2
    # via mlagents-envs
    # via pettingzoo
gym-notices==0.0.8
    # via gym
importlib-metadata==7.2.1
    # via gym
mlagents-envs==0.30.0
    # via animalai
numpy==1.21.2
    # via animalai
    # via gym
    # via mlagents-envs
    # via pandas
    # via pettingzoo
pandas==2.0.3
    # via reference-agents
pettingzoo==1.15.0
    # via mlagents-envs
pillow==10.3.0
    # via mlagents-envs
protobuf==3.20.3
    # via animalai
    # via mlagents-envs
python-dateutil==2.9.0.post0
    # via pandas
pytz==2024.1
    # via pandas
pyyaml==6.0.1
    # via mlagents-envs
six==1.16.0
    # via python-dateutil
tzdata==2024.1
    # via pandas
zipp==3.19.2
    # via importlib-metadata
